// !$*UTF8*$!
{
	archiveVersion = 1;
	classes = {
	};
	objectVersion = 46;
	objects = {

/* Begin PBXBuildFile section */
		2F78A5601BA9BA2100066D22 /* PostService.swift in Sources */ = {isa = PBXBuildFile; fileRef = 2F78A55F1BA9BA2100066D22 /* PostService.swift */; };
		2F78A5621BA9C77F00066D22 /* Post.swift in Sources */ = {isa = PBXBuildFile; fileRef = 2F78A5611BA9C77F00066D22 /* Post.swift */; };
		2F78A5641BA9FBEC00066D22 /* Presenter.swift in Sources */ = {isa = PBXBuildFile; fileRef = 2F78A5631BA9FBEC00066D22 /* Presenter.swift */; };
		2FBAC71A1BA95B72009B49E0 /* AppDelegate.swift in Sources */ = {isa = PBXBuildFile; fileRef = 2FBAC7191BA95B72009B49E0 /* AppDelegate.swift */; };
		2FBAC71C1BA95B72009B49E0 /* ViewController.swift in Sources */ = {isa = PBXBuildFile; fileRef = 2FBAC71B1BA95B72009B49E0 /* ViewController.swift */; };
		2FBAC71F1BA95B72009B49E0 /* Main.storyboard in Resources */ = {isa = PBXBuildFile; fileRef = 2FBAC71D1BA95B72009B49E0 /* Main.storyboard */; };
		2FBAC7211BA95B72009B49E0 /* Images.xcassets in Resources */ = {isa = PBXBuildFile; fileRef = 2FBAC7201BA95B72009B49E0 /* Images.xcassets */; };
		2FBAC7241BA95B72009B49E0 /* LaunchScreen.xib in Resources */ = {isa = PBXBuildFile; fileRef = 2FBAC7221BA95B72009B49E0 /* LaunchScreen.xib */; };
		2FBAC7301BA95B73009B49E0 /* SwiftWorkshop1508Tests.swift in Sources */ = {isa = PBXBuildFile; fileRef = 2FBAC72F1BA95B73009B49E0 /* SwiftWorkshop1508Tests.swift */; };
		2FBAC73A1BA95BC7009B49E0 /* SettingViewController.swift in Sources */ = {isa = PBXBuildFile; fileRef = 2FBAC7391BA95BC7009B49E0 /* SettingViewController.swift */; };
		2FBAC73D1BA96158009B49E0 /* BrowserViewController.swift in Sources */ = {isa = PBXBuildFile; fileRef = 2FBAC73C1BA96158009B49E0 /* BrowserViewController.swift */; };
		6EC53E7625323FAF93EEA402 /* Pods.framework in Frameworks */ = {isa = PBXBuildFile; fileRef = 823C074A70E0F6669E231E05 /* Pods.framework */; settings = {ATTRIBUTES = (Weak, ); }; };
/* End PBXBuildFile section */

/* Begin PBXContainerItemProxy section */
		2FBAC72A1BA95B73009B49E0 /* PBXContainerItemProxy */ = {
			isa = PBXContainerItemProxy;
			containerPortal = 2FBAC70C1BA95B72009B49E0 /* Project object */;
			proxyType = 1;
			remoteGlobalIDString = 2FBAC7131BA95B72009B49E0;
			remoteInfo = SwiftWorkshop1508;
		};
/* End PBXContainerItemProxy section */

/* Begin PBXFileReference section */
		2F78A55F1BA9BA2100066D22 /* PostService.swift */ = {isa = PBXFileReference; fileEncoding = 4; lastKnownFileType = sourcecode.swift; path = PostService.swift; sourceTree = "<group>"; };
		2F78A5611BA9C77F00066D22 /* Post.swift */ = {isa = PBXFileReference; fileEncoding = 4; lastKnownFileType = sourcecode.swift; path = Post.swift; sourceTree = "<group>"; };
		2F78A5631BA9FBEC00066D22 /* Presenter.swift */ = {isa = PBXFileReference; fileEncoding = 4; lastKnownFileType = sourcecode.swift; path = Presenter.swift; sourceTree = "<group>"; };
		2FBAC7141BA95B72009B49E0 /* SwiftWorkshop1508.app */ = {isa = PBXFileReference; explicitFileType = wrapper.application; includeInIndex = 0; path = SwiftWorkshop1508.app; sourceTree = BUILT_PRODUCTS_DIR; };
		2FBAC7181BA95B72009B49E0 /* Info.plist */ = {isa = PBXFileReference; lastKnownFileType = text.plist.xml; path = Info.plist; sourceTree = "<group>"; };
		2FBAC7191BA95B72009B49E0 /* AppDelegate.swift */ = {isa = PBXFileReference; lastKnownFileType = sourcecode.swift; path = AppDelegate.swift; sourceTree = "<group>"; };
		2FBAC71B1BA95B72009B49E0 /* ViewController.swift */ = {isa = PBXFileReference; lastKnownFileType = sourcecode.swift; path = ViewController.swift; sourceTree = "<group>"; };
		2FBAC71E1BA95B72009B49E0 /* Base */ = {isa = PBXFileReference; lastKnownFileType = file.storyboard; name = Base; path = Base.lproj/Main.storyboard; sourceTree = "<group>"; };
		2FBAC7201BA95B72009B49E0 /* Images.xcassets */ = {isa = PBXFileReference; lastKnownFileType = folder.assetcatalog; path = Images.xcassets; sourceTree = "<group>"; };
		2FBAC7231BA95B72009B49E0 /* Base */ = {isa = PBXFileReference; lastKnownFileType = file.xib; name = Base; path = Base.lproj/LaunchScreen.xib; sourceTree = "<group>"; };
		2FBAC7291BA95B73009B49E0 /* SwiftWorkshop1508Tests.xctest */ = {isa = PBXFileReference; explicitFileType = wrapper.cfbundle; includeInIndex = 0; path = SwiftWorkshop1508Tests.xctest; sourceTree = BUILT_PRODUCTS_DIR; };
		2FBAC72E1BA95B73009B49E0 /* Info.plist */ = {isa = PBXFileReference; lastKnownFileType = text.plist.xml; path = Info.plist; sourceTree = "<group>"; };
		2FBAC72F1BA95B73009B49E0 /* SwiftWorkshop1508Tests.swift */ = {isa = PBXFileReference; lastKnownFileType = sourcecode.swift; path = SwiftWorkshop1508Tests.swift; sourceTree = "<group>"; };
		2FBAC7391BA95BC7009B49E0 /* SettingViewController.swift */ = {isa = PBXFileReference; fileEncoding = 4; lastKnownFileType = sourcecode.swift; path = SettingViewController.swift; sourceTree = "<group>"; };
		2FBAC73C1BA96158009B49E0 /* BrowserViewController.swift */ = {isa = PBXFileReference; fileEncoding = 4; lastKnownFileType = sourcecode.swift; path = BrowserViewController.swift; sourceTree = "<group>"; };
		823C074A70E0F6669E231E05 /* Pods.framework */ = {isa = PBXFileReference; explicitFileType = wrapper.framework; includeInIndex = 0; path = Pods.framework; sourceTree = BUILT_PRODUCTS_DIR; };
		8AA0AC548FD83E10027F39BA /* Pods.debug.xcconfig */ = {isa = PBXFileReference; includeInIndex = 1; lastKnownFileType = text.xcconfig; name = Pods.debug.xcconfig; path = "Pods/Target Support Files/Pods/Pods.debug.xcconfig"; sourceTree = "<group>"; };
		AD3671FCB00B453041E09383 /* Pods.release.xcconfig */ = {isa = PBXFileReference; includeInIndex = 1; lastKnownFileType = text.xcconfig; name = Pods.release.xcconfig; path = "Pods/Target Support Files/Pods/Pods.release.xcconfig"; sourceTree = "<group>"; };
/* End PBXFileReference section */

/* Begin PBXFrameworksBuildPhase section */
		2FBAC7111BA95B72009B49E0 /* Frameworks */ = {
			isa = PBXFrameworksBuildPhase;
			buildActionMask = 2147483647;
			files = (
				6EC53E7625323FAF93EEA402 /* Pods.framework in Frameworks */,
			);
			runOnlyForDeploymentPostprocessing = 0;
		};
		2FBAC7261BA95B73009B49E0 /* Frameworks */ = {
			isa = PBXFrameworksBuildPhase;
			buildActionMask = 2147483647;
			files = (
			);
			runOnlyForDeploymentPostprocessing = 0;
		};
/* End PBXFrameworksBuildPhase section */

/* Begin PBXGroup section */
		1A292100024575D906CA78CA /* Pods */ = {
			isa = PBXGroup;
			children = (
				8AA0AC548FD83E10027F39BA /* Pods.debug.xcconfig */,
				AD3671FCB00B453041E09383 /* Pods.release.xcconfig */,
			);
			name = Pods;
			sourceTree = "<group>";
		};
		2FBAC70B1BA95B72009B49E0 = {
			isa = PBXGroup;
			children = (
				2FBAC7161BA95B72009B49E0 /* SwiftWorkshop1508 */,
				2FBAC72C1BA95B73009B49E0 /* SwiftWorkshop1508Tests */,
				2FBAC7151BA95B72009B49E0 /* Products */,
				1A292100024575D906CA78CA /* Pods */,
				5E10DB9B911D1E255D8093B3 /* Frameworks */,
			);
			sourceTree = "<group>";
		};
		2FBAC7151BA95B72009B49E0 /* Products */ = {
			isa = PBXGroup;
			children = (
				2FBAC7141BA95B72009B49E0 /* SwiftWorkshop1508.app */,
				2FBAC7291BA95B73009B49E0 /* SwiftWorkshop1508Tests.xctest */,
			);
			name = Products;
			sourceTree = "<group>";
		};
		2FBAC7161BA95B72009B49E0 /* SwiftWorkshop1508 */ = {
			isa = PBXGroup;
			children = (
				2FBAC7191BA95B72009B49E0 /* AppDelegate.swift */,
				2FBAC71B1BA95B72009B49E0 /* ViewController.swift */,
				2FBAC71D1BA95B72009B49E0 /* Main.storyboard */,
				2FBAC7201BA95B72009B49E0 /* Images.xcassets */,
				2FBAC7221BA95B72009B49E0 /* LaunchScreen.xib */,
				2FBAC7171BA95B72009B49E0 /* Supporting Files */,
				2FBAC7391BA95BC7009B49E0 /* SettingViewController.swift */,
				2FBAC73C1BA96158009B49E0 /* BrowserViewController.swift */,
				2F78A55F1BA9BA2100066D22 /* PostService.swift */,
				2F78A5611BA9C77F00066D22 /* Post.swift */,
				2F78A5631BA9FBEC00066D22 /* Presenter.swift */,
			);
			path = SwiftWorkshop1508;
			sourceTree = "<group>";
		};
		2FBAC7171BA95B72009B49E0 /* Supporting Files */ = {
			isa = PBXGroup;
			children = (
				2FBAC7181BA95B72009B49E0 /* Info.plist */,
			);
			name = "Supporting Files";
			sourceTree = "<group>";
		};
		2FBAC72C1BA95B73009B49E0 /* SwiftWorkshop1508Tests */ = {
			isa = PBXGroup;
			children = (
				2FBAC72F1BA95B73009B49E0 /* SwiftWorkshop1508Tests.swift */,
				2FBAC72D1BA95B73009B49E0 /* Supporting Files */,
			);
			path = SwiftWorkshop1508Tests;
			sourceTree = "<group>";
		};
		2FBAC72D1BA95B73009B49E0 /* Supporting Files */ = {
			isa = PBXGroup;
			children = (
				2FBAC72E1BA95B73009B49E0 /* Info.plist */,
			);
			name = "Supporting Files";
			sourceTree = "<group>";
		};
		5E10DB9B911D1E255D8093B3 /* Frameworks */ = {
			isa = PBXGroup;
			children = (
				823C074A70E0F6669E231E05 /* Pods.framework */,
			);
			name = Frameworks;
			sourceTree = "<group>";
		};
/* End PBXGroup section */

/* Begin PBXNativeTarget section */
		2FBAC7131BA95B72009B49E0 /* SwiftWorkshop1508 */ = {
			isa = PBXNativeTarget;
			buildConfigurationList = 2FBAC7331BA95B73009B49E0 /* Build configuration list for PBXNativeTarget "SwiftWorkshop1508" */;
			buildPhases = (
				60D03B507A6A436294C47049 /* Check Pods Manifest.lock */,
				2FBAC7101BA95B72009B49E0 /* Sources */,
				2FBAC7111BA95B72009B49E0 /* Frameworks */,
				2FBAC7121BA95B72009B49E0 /* Resources */,
				6E6EFFE2D443F1D1E991046C /* Embed Pods Frameworks */,
				33810CB410C7B8C1DB810F61 /* Copy Pods Resources */,
			);
			buildRules = (
			);
			dependencies = (
			);
			name = SwiftWorkshop1508;
			productName = SwiftWorkshop1508;
			productReference = 2FBAC7141BA95B72009B49E0 /* SwiftWorkshop1508.app */;
			productType = "com.apple.product-type.application";
		};
		2FBAC7281BA95B73009B49E0 /* SwiftWorkshop1508Tests */ = {
			isa = PBXNativeTarget;
			buildConfigurationList = 2FBAC7361BA95B73009B49E0 /* Build configuration list for PBXNativeTarget "SwiftWorkshop1508Tests" */;
			buildPhases = (
				2FBAC7251BA95B73009B49E0 /* Sources */,
				2FBAC7261BA95B73009B49E0 /* Frameworks */,
				2FBAC7271BA95B73009B49E0 /* Resources */,
			);
			buildRules = (
			);
			dependencies = (
				2FBAC72B1BA95B73009B49E0 /* PBXTargetDependency */,
			);
			name = SwiftWorkshop1508Tests;
			productName = SwiftWorkshop1508Tests;
			productReference = 2FBAC7291BA95B73009B49E0 /* SwiftWorkshop1508Tests.xctest */;
			productType = "com.apple.product-type.bundle.unit-test";
		};
/* End PBXNativeTarget section */

/* Begin PBXProject section */
		2FBAC70C1BA95B72009B49E0 /* Project object */ = {
			isa = PBXProject;
			attributes = {
				LastUpgradeCheck = 0640;
				ORGANIZATIONNAME = "ever sense, Inc.";
				TargetAttributes = {
					2FBAC7131BA95B72009B49E0 = {
						CreatedOnToolsVersion = 6.4;
					};
					2FBAC7281BA95B73009B49E0 = {
						CreatedOnToolsVersion = 6.4;
						TestTargetID = 2FBAC7131BA95B72009B49E0;
					};
				};
			};
			buildConfigurationList = 2FBAC70F1BA95B72009B49E0 /* Build configuration list for PBXProject "SwiftWorkshop1508" */;
			compatibilityVersion = "Xcode 3.2";
			developmentRegion = English;
			hasScannedForEncodings = 0;
			knownRegions = (
				en,
				Base,
			);
			mainGroup = 2FBAC70B1BA95B72009B49E0;
			productRefGroup = 2FBAC7151BA95B72009B49E0 /* Products */;
			projectDirPath = "";
			projectRoot = "";
			targets = (
				2FBAC7131BA95B72009B49E0 /* SwiftWorkshop1508 */,
				2FBAC7281BA95B73009B49E0 /* SwiftWorkshop1508Tests */,
			);
		};
/* End PBXProject section */

/* Begin PBXResourcesBuildPhase section */
		2FBAC7121BA95B72009B49E0 /* Resources */ = {
			isa = PBXResourcesBuildPhase;
			buildActionMask = 2147483647;
			files = (
				2FBAC71F1BA95B72009B49E0 /* Main.storyboard in Resources */,
				2FBAC7241BA95B72009B49E0 /* LaunchScreen.xib in Resources */,
				2FBAC7211BA95B72009B49E0 /* Images.xcassets in Resources */,
			);
			runOnlyForDeploymentPostprocessing = 0;
		};
		2FBAC7271BA95B73009B49E0 /* Resources */ = {
			isa = PBXResourcesBuildPhase;
			buildActionMask = 2147483647;
			files = (
			);
			runOnlyForDeploymentPostprocessing = 0;
		};
/* End PBXResourcesBuildPhase section */

/* Begin PBXShellScriptBuildPhase section */
		33810CB410C7B8C1DB810F61 /* Copy Pods Resources */ = {
			isa = PBXShellScriptBuildPhase;
			buildActionMask = 2147483647;
			files = (
			);
			inputPaths = (
			);
			name = "Copy Pods Resources";
			outputPaths = (
			);
			runOnlyForDeploymentPostprocessing = 0;
			shellPath = /bin/sh;
			shellScript = "\"${SRCROOT}/Pods/Target Support Files/Pods/Pods-resources.sh\"\n";
			showEnvVarsInLog = 0;
		};
		60D03B507A6A436294C47049 /* Check Pods Manifest.lock */ = {
			isa = PBXShellScriptBuildPhase;
			buildActionMask = 2147483647;
			files = (
			);
			inputPaths = (
			);
			name = "Check Pods Manifest.lock";
			outputPaths = (
			);
			runOnlyForDeploymentPostprocessing = 0;
			shellPath = /bin/sh;
			shellScript = "diff \"${PODS_ROOT}/../Podfile.lock\" \"${PODS_ROOT}/Manifest.lock\" > /dev/null\nif [[ $? != 0 ]] ; then\n    cat << EOM\nerror: The sandbox is not in sync with the Podfile.lock. Run 'pod install' or update your CocoaPods installation.\nEOM\n    exit 1\nfi\n";
			showEnvVarsInLog = 0;
		};
		6E6EFFE2D443F1D1E991046C /* Embed Pods Frameworks */ = {
			isa = PBXShellScriptBuildPhase;
			buildActionMask = 2147483647;
			files = (
			);
			inputPaths = (
			);
			name = "Embed Pods Frameworks";
			outputPaths = (
			);
			runOnlyForDeploymentPostprocessing = 0;
			shellPath = /bin/sh;
			shellScript = "\"${SRCROOT}/Pods/Target Support Files/Pods/Pods-frameworks.sh\"\n";
			showEnvVarsInLog = 0;
		};
/* End PBXShellScriptBuildPhase section */

/* Begin PBXSourcesBuildPhase section */
		2FBAC7101BA95B72009B49E0 /* Sources */ = {
			isa = PBXSourcesBuildPhase;
			buildActionMask = 2147483647;
			files = (
				2FBAC71C1BA95B72009B49E0 /* ViewController.swift in Sources */,
				2F78A5641BA9FBEC00066D22 /* Presenter.swift in Sources */,
				2FBAC73D1BA96158009B49E0 /* BrowserViewController.swift in Sources */,
				2FBAC73A1BA95BC7009B49E0 /* SettingViewController.swift in Sources */,
				2F78A5621BA9C77F00066D22 /* Post.swift in Sources */,
				2F78A5601BA9BA2100066D22 /* PostService.swift in Sources */,
				2FBAC71A1BA95B72009B49E0 /* AppDelegate.swift in Sources */,
			);
			runOnlyForDeploymentPostprocessing = 0;
		};
		2FBAC7251BA95B73009B49E0 /* Sources */ = {
			isa = PBXSourcesBuildPhase;
			buildActionMask = 2147483647;
			files = (
				2FBAC7301BA95B73009B49E0 /* SwiftWorkshop1508Tests.swift in Sources */,
			);
			runOnlyForDeploymentPostprocessing = 0;
		};
/* End PBXSourcesBuildPhase section */

/* Begin PBXTargetDependency section */
		2FBAC72B1BA95B73009B49E0 /* PBXTargetDependency */ = {
			isa = PBXTargetDependency;
			target = 2FBAC7131BA95B72009B49E0 /* SwiftWorkshop1508 */;
			targetProxy = 2FBAC72A1BA95B73009B49E0 /* PBXContainerItemProxy */;
		};
/* End PBXTargetDependency section */

/* Begin PBXVariantGroup section */
		2FBAC71D1BA95B72009B49E0 /* Main.storyboard */ = {
			isa = PBXVariantGroup;
			children = (
				2FBAC71E1BA95B72009B49E0 /* Base */,
			);
			name = Main.storyboard;
			sourceTree = "<group>";
		};
		2FBAC7221BA95B72009B49E0 /* LaunchScreen.xib */ = {
			isa = PBXVariantGroup;
			children = (
				2FBAC7231BA95B72009B49E0 /* Base */,
			);
			name = LaunchScreen.xib;
			sourceTree = "<group>";
		};
/* End PBXVariantGroup section */

/* Begin XCBuildConfiguration section */
		2FBAC7311BA95B73009B49E0 /* Debug */ = {
			isa = XCBuildConfiguration;
			buildSettings = {
				ALWAYS_SEARCH_USER_PATHS = NO;
				CLANG_CXX_LANGUAGE_STANDARD = "gnu++0x";
				CLANG_CXX_LIBRARY = "libc++";
				CLANG_ENABLE_MODULES = YES;
				CLANG_ENABLE_OBJC_ARC = YES;
				CLANG_WARN_BOOL_CONVERSION = YES;
				CLANG_WARN_CONSTANT_CONVERSION = YES;
				CLANG_WARN_DIRECT_OBJC_ISA_USAGE = YES_ERROR;
				CLANG_WARN_EMPTY_BODY = YES;
				CLANG_WARN_ENUM_CONVERSION = YES;
				CLANG_WARN_INT_CONVERSION = YES;
				CLANG_WARN_OBJC_ROOT_CLASS = YES_ERROR;
				CLANG_WARN_UNREACHABLE_CODE = YES;
				CLANG_WARN__DUPLICATE_METHOD_MATCH = YES;
				"CODE_SIGN_IDENTITY[sdk=iphoneos*]" = "iPhone Developer";
				COPY_PHASE_STRIP = NO;
				DEBUG_INFORMATION_FORMAT = "dwarf-with-dsym";
				ENABLE_STRICT_OBJC_MSGSEND = YES;
				GCC_C_LANGUAGE_STANDARD = gnu99;
				GCC_DYNAMIC_NO_PIC = NO;
				GCC_NO_COMMON_BLOCKS = YES;
				GCC_OPTIMIZATION_LEVEL = 0;
				GCC_PREPROCESSOR_DEFINITIONS = (
					"DEBUG=1",
					"$(inherited)",
				);
				GCC_SYMBOLS_PRIVATE_EXTERN = NO;
				GCC_WARN_64_TO_32_BIT_CONVERSION = YES;
				GCC_WARN_ABOUT_RETURN_TYPE = YES_ERROR;
				GCC_WARN_UNDECLARED_SELECTOR = YES;
				GCC_WARN_UNINITIALIZED_AUTOS = YES_AGGRESSIVE;
				GCC_WARN_UNUSED_FUNCTION = YES;
				GCC_WARN_UNUSED_VARIABLE = YES;
				IPHONEOS_DEPLOYMENT_TARGET = 8.4;
				MTL_ENABLE_DEBUG_INFO = YES;
				ONLY_ACTIVE_ARCH = YES;
				SDKROOT = iphoneos;
				SWIFT_OPTIMIZATION_LEVEL = "-Onone";
				TARGETED_DEVICE_FAMILY = "1,2";
			};
			name = Debug;
		};
		2FBAC7321BA95B73009B49E0 /* Release */ = {
			isa = XCBuildConfiguration;
			buildSettings = {
				ALWAYS_SEARCH_USER_PATHS = NO;
				CLANG_CXX_LANGUAGE_STANDARD = "gnu++0x";
				CLANG_CXX_LIBRARY = "libc++";
				CLANG_ENABLE_MODULES = YES;
				CLANG_ENABLE_OBJC_ARC = YES;
				CLANG_WARN_BOOL_CONVERSION = YES;
				CLANG_WARN_CONSTANT_CONVERSION = YES;
				CLANG_WARN_DIRECT_OBJC_ISA_USAGE = YES_ERROR;
				CLANG_WARN_EMPTY_BODY = YES;
				CLANG_WARN_ENUM_CONVERSION = YES;
				CLANG_WARN_INT_CONVERSION = YES;
				CLANG_WARN_OBJC_ROOT_CLASS = YES_ERROR;
				CLANG_WARN_UNREACHABLE_CODE = YES;
				CLANG_WARN__DUPLICATE_METHOD_MATCH = YES;
				"CODE_SIGN_IDENTITY[sdk=iphoneos*]" = "iPhone Developer";
				COPY_PHASE_STRIP = NO;
				DEBUG_INFORMATION_FORMAT = "dwarf-with-dsym";
				ENABLE_NS_ASSERTIONS = NO;
				ENABLE_STRICT_OBJC_MSGSEND = YES;
				GCC_C_LANGUAGE_STANDARD = gnu99;
				GCC_NO_COMMON_BLOCKS = YES;
				GCC_WARN_64_TO_32_BIT_CONVERSION = YES;
				GCC_WARN_ABOUT_RETURN_TYPE = YES_ERROR;
				GCC_WARN_UNDECLARED_SELECTOR = YES;
				GCC_WARN_UNINITIALIZED_AUTOS = YES_AGGRESSIVE;
				GCC_WARN_UNUSED_FUNCTION = YES;
				GCC_WARN_UNUSED_VARIABLE = YES;
				IPHONEOS_DEPLOYMENT_TARGET = 8.4;
				MTL_ENABLE_DEBUG_INFO = NO;
				SDKROOT = iphoneos;
				TARGETED_DEVICE_FAMILY = "1,2";
				VALIDATE_PRODUCT = YES;
			};
			name = Release;
		};
		2FBAC7341BA95B73009B49E0 /* Debug */ = {
			isa = XCBuildConfiguration;
			baseConfigurationReference = 8AA0AC548FD83E10027F39BA /* Pods.debug.xcconfig */;
			buildSettings = {
				ASSETCATALOG_COMPILER_APPICON_NAME = AppIcon;
				INFOPLIST_FILE = SwiftWorkshop1508/Info.plist;
				LD_RUNPATH_SEARCH_PATHS = "$(inherited) @executable_path/Frameworks";
				PRODUCT_NAME = SwiftWorkshop1508;
			};
			name = Debug;
		};
		2FBAC7351BA95B73009B49E0 /* Release */ = {
			isa = XCBuildConfiguration;
			baseConfigurationReference = AD3671FCB00B453041E09383 /* Pods.release.xcconfig */;
			buildSettings = {
				ASSETCATALOG_COMPILER_APPICON_NAME = AppIcon;
				INFOPLIST_FILE = SwiftWorkshop1508/Info.plist;
				LD_RUNPATH_SEARCH_PATHS = "$(inherited) @executable_path/Frameworks";
				PRODUCT_NAME = SwiftWorkshop1508;
			};
			name = Release;
		};
		2FBAC7371BA95B73009B49E0 /* Debug */ = {
			isa = XCBuildConfiguration;
			buildSettings = {
				BUNDLE_LOADER = "$(TEST_HOST)";
				FRAMEWORK_SEARCH_PATHS = (
					"$(SDKROOT)/Developer/Library/Frameworks",
					"$(inherited)",
				);
				GCC_PREPROCESSOR_DEFINITIONS = (
					"DEBUG=1",
					"$(inherited)",
				);
				INFOPLIST_FILE = SwiftWorkshop1508Tests/Info.plist;
				LD_RUNPATH_SEARCH_PATHS = "$(inherited) @executable_path/Frameworks @loader_path/Frameworks";
				PRODUCT_NAME = SwiftWorkshop1508Tests;
				TEST_HOST = "$(BUILT_PRODUCTS_DIR)/SwiftWorkshop1508.app/SwiftWorkshop1508";
			};
			name = Debug;
		};
		2FBAC7381BA95B73009B49E0 /* Release */ = {
			isa = XCBuildConfiguration;
			buildSettings = {
				BUNDLE_LOADER = "$(TEST_HOST)";
				FRAMEWORK_SEARCH_PATHS = (
					"$(SDKROOT)/Developer/Library/Frameworks",
					"$(inherited)",
				);
				INFOPLIST_FILE = SwiftWorkshop1508Tests/Info.plist;
				LD_RUNPATH_SEARCH_PATHS = "$(inherited) @executable_path/Frameworks @loader_path/Frameworks";
				PRODUCT_NAME = SwiftWorkshop1508Tests;
				TEST_HOST = "$(BUILT_PRODUCTS_DIR)/SwiftWorkshop1508.app/SwiftWorkshop1508";
			};
			name = Release;
		};
/* End XCBuildConfiguration section */

/* Begin XCConfigurationList section */
		2FBAC70F1BA95B72009B49E0 /* Build configuration list for PBXProject "SwiftWorkshop1508" */ = {
			isa = XCConfigurationList;
			buildConfigurations = (
				2FBAC7311BA95B73009B49E0 /* Debug */,
				2FBAC7321BA95B73009B49E0 /* Release */,
			);
			defaultConfigurationIsVisible = 0;
			defaultConfigurationName = Release;
		};
		2FBAC7331BA95B73009B49E0 /* Build configuration list for PBXNativeTarget "SwiftWorkshop1508" */ = {
			isa = XCConfigurationList;
			buildConfigurations = (
				2FBAC7341BA95B73009B49E0 /* Debug */,
				2FBAC7351BA95B73009B49E0 /* Release */,
			);
			defaultConfigurationIsVisible = 0;
			defaultConfigurationName = Release;
		};
		2FBAC7361BA95B73009B49E0 /* Build configuration list for PBXNativeTarget "SwiftWorkshop1508Tests" */ = {
			isa = XCConfigurationList;
			buildConfigurations = (
				2FBAC7371BA95B73009B49E0 /* Debug */,
				2FBAC7381BA95B73009B49E0 /* Release */,
			);
			defaultConfigurationIsVisible = 0;
			defaultConfigurationName = Release;
		};
/* End XCConfigurationList section */
	};
	rootObject = 2FBAC70C1BA95B72009B49E0 /* Project object */;
}
